
Microsoft Visual Studio Solution File, Format Version 12.00
# Visual Studio Version 16
VisualStudioVersion = 16.0.29306.81
MinimumVisualStudioVersion = 10.0.40219.1
Project("{9A19103F-16F7-4668-BE54-9A1E7A4F7556}") = "FirstWHFunctionApp", "AzureFunctionsApp\AzureFunctionsApp.csproj", "{58E4383F-0D6F-4E9A-888E-3B280779CF4B}"
EndProject
Project("{9A19103F-16F7-4668-BE54-9A1E7A4F7556}") = "SmartThings.NETCoreWebHookSDK", "..\src\SmartThings.NETCoreWebHookSDK.csproj", "{9341D23D-460A-43DF-9A92-F0C305CA8938}"
EndProject
Project("{FAE04EC0-301F-11D3-BF4B-00C04F79EFBC}") = "ASPNetCoreWebAPI", "ASPNetCoreWebAPI\ASPNetCoreWebAPI.csproj", "{CE94ACFA-9891-4005-98EF-0D8C18E87DF5}"
EndProject
Global
	GlobalSection(SolutionConfigurationPlatforms) = preSolution
		Debug|Any CPU = Debug|Any CPU
		Release|Any CPU = Release|Any CPU
	EndGlobalSection
	GlobalSection(ProjectConfigurationPlatforms) = postSolution
		{58E4383F-0D6F-4E9A-888E-3B280779CF4B}.Debug|Any CPU.ActiveCfg = Debug|Any CPU
		{58E4383F-0D6F-4E9A-888E-3B280779CF4B}.Debug|Any CPU.Build.0 = Debug|Any CPU
		{58E4383F-0D6F-4E9A-888E-3B280779CF4B}.Release|Any CPU.ActiveCfg = Release|Any CPU
		{58E4383F-0D6F-4E9A-888E-3B280779CF4B}.Release|Any CPU.Build.0 = Release|Any CPU
		{9341D23D-460A-43DF-9A92-F0C305CA8938}.Debug|Any CPU.ActiveCfg = Debug|Any CPU
		{9341D23D-460A-43DF-9A92-F0C305CA8938}.Debug|Any CPU.Build.0 = Debug|Any CPU
		{9341D23D-460A-43DF-9A92-F0C305CA8938}.Release|Any CPU.ActiveCfg = Release|Any CPU
		{9341D23D-460A-43DF-9A92-F0C305CA8938}.Release|Any CPU.Build.0 = Release|Any CPU
		{CE94ACFA-9891-4005-98EF-0D8C18E87DF5}.Debug|Any CPU.ActiveCfg = Debug|Any CPU
		{CE94ACFA-9891-4005-98EF-0D8C18E87DF5}.Debug|Any CPU.Build.0 = Debug|Any CPU
		{CE94ACFA-9891-4005-98EF-0D8C18E87DF5}.Release|Any CPU.ActiveCfg = Release|Any CPU
		{CE94ACFA-9891-4005-98EF-0D8C18E87DF5}.Release|Any CPU.Build.0 = Release|Any CPU
	EndGlobalSection
	GlobalSection(SolutionProperties) = preSolution
		HideSolutionNode = FALSE
	EndGlobalSection
	GlobalSection(ExtensibilityGlobals) = postSolution
		SolutionGuid = {7E4AD842-2037-458C-8B01-95C45FFD8587}
	EndGlobalSection
EndGlobal
