
Microsoft Visual Studio Solution File, Format Version 12.00
# Visual Studio Version 16
VisualStudioVersion = 16.0.29306.81
MinimumVisualStudioVersion = 10.0.40219.1
Project("{9A19103F-16F7-4668-BE54-9A1E7A4F7556}") = "AzureFunctionsApp", "AzureFunctionsApp\AzureFunctionsApp.csproj", "{58E4383F-0D6F-4E9A-888E-3B280779CF4B}"
EndProject
Project("{9A19103F-16F7-4668-BE54-9A1E7A4F7556}") = "ASPNetCoreWebAPI", "ASPNetCoreWebAPI\ASPNetCoreWebAPI.csproj", "{CE94ACFA-9891-4005-98EF-0D8C18E87DF5}"
EndProject
Project("{2150E333-8FDC-42A3-9474-1A3956D46DE8}") = "Scripts", "Scripts", "{08C23EF7-CEDB-4B13-9D66-3F9BCCA0DCB3}"
	ProjectSection(SolutionItems) = preProject
		scripts\startngrok.cmd = scripts\startngrok.cmd
	EndProjectSection
EndProject
Project("{9A19103F-16F7-4668-BE54-9A1E7A4F7556}") = "MyWebhookLib", "MyWebhookLib\MyWebhookLib.csproj", "{EE042DE3-5EC7-426C-9F0F-341696437997}"
EndProject
Project("{9A19103F-16F7-4668-BE54-9A1E7A4F7556}") = "SmartThings.NETCoreWebHookSDK", "..\src\SmartThings.NETCoreWebHookSDK\SmartThings.NETCoreWebHookSDK.csproj", "{3585F44E-50CA-4882-864F-7F8EF4F0835D}"
EndProject
Global
	GlobalSection(SolutionConfigurationPlatforms) = preSolution
		Debug|Any CPU = Debug|Any CPU
		Release|Any CPU = Release|Any CPU
	EndGlobalSection
	GlobalSection(ProjectConfigurationPlatforms) = postSolution
		{58E4383F-0D6F-4E9A-888E-3B280779CF4B}.Debug|Any CPU.ActiveCfg = Debug|Any CPU
		{58E4383F-0D6F-4E9A-888E-3B280779CF4B}.Debug|Any CPU.Build.0 = Debug|Any CPU
		{58E4383F-0D6F-4E9A-888E-3B280779CF4B}.Release|Any CPU.ActiveCfg = Release|Any CPU
		{58E4383F-0D6F-4E9A-888E-3B280779CF4B}.Release|Any CPU.Build.0 = Release|Any CPU
		{CE94ACFA-9891-4005-98EF-0D8C18E87DF5}.Debug|Any CPU.ActiveCfg = Debug|Any CPU
		{CE94ACFA-9891-4005-98EF-0D8C18E87DF5}.Debug|Any CPU.Build.0 = Debug|Any CPU
		{CE94ACFA-9891-4005-98EF-0D8C18E87DF5}.Release|Any CPU.ActiveCfg = Release|Any CPU
		{CE94ACFA-9891-4005-98EF-0D8C18E87DF5}.Release|Any CPU.Build.0 = Release|Any CPU
		{EE042DE3-5EC7-426C-9F0F-341696437997}.Debug|Any CPU.ActiveCfg = Debug|Any CPU
		{EE042DE3-5EC7-426C-9F0F-341696437997}.Debug|Any CPU.Build.0 = Debug|Any CPU
		{EE042DE3-5EC7-426C-9F0F-341696437997}.Release|Any CPU.ActiveCfg = Release|Any CPU
		{EE042DE3-5EC7-426C-9F0F-341696437997}.Release|Any CPU.Build.0 = Release|Any CPU
		{3585F44E-50CA-4882-864F-7F8EF4F0835D}.Debug|Any CPU.ActiveCfg = Debug|Any CPU
		{3585F44E-50CA-4882-864F-7F8EF4F0835D}.Debug|Any CPU.Build.0 = Debug|Any CPU
		{3585F44E-50CA-4882-864F-7F8EF4F0835D}.Release|Any CPU.ActiveCfg = Release|Any CPU
		{3585F44E-50CA-4882-864F-7F8EF4F0835D}.Release|Any CPU.Build.0 = Release|Any CPU
	EndGlobalSection
	GlobalSection(SolutionProperties) = preSolution
		HideSolutionNode = FALSE
	EndGlobalSection
	GlobalSection(ExtensibilityGlobals) = postSolution
		SolutionGuid = {7E4AD842-2037-458C-8B01-95C45FFD8587}
	EndGlobalSection
EndGlobal
